{
  "name": "acrm-console-game",
  "version": "1.0.0",
  "lockfileVersion": 1,
  "requires": true,
  "dependencies": {
    "minimist": {
      "version": "1.2.0",
      "resolved": "https://registry.npmjs.org/minimist/-/minimist-1.2.0.tgz",
      "integrity": "sha1-o1AIsg9BOD7sH7kU9M1d95omQoQ="
    },
    "random-int": {
      "version": "1.0.0",
      "resolved": "https://registry.npmjs.org/random-int/-/random-int-1.0.0.tgz",
      "integrity": "sha1-5qLtNEisnGZGoGV0Q7HBUhWS7Qg="
    },
    "readline-once": {
      "version": "1.0.1",
      "resolved": "https://registry.npmjs.org/readline-once/-/readline-once-1.0.1.tgz",
      "integrity": "sha1-kAQMLjZf0EaXDkem3+OP1/10AAw=",
      "requires": {
        "split": "1.0.1"
      }
    },
    "split": {
      "version": "1.0.1",
      "resolved": "https://registry.npmjs.org/split/-/split-1.0.1.tgz",
      "integrity": "sha1-YFvZvjA6pZ+zX5Ip++oN3snqB9k=",
      "requires": {
        "through": "2.3.8"
      }
    },
    "through": {
      "version": "2.3.8",
      "resolved": "https://registry.npmjs.org/through/-/through-2.3.8.tgz",
      "integrity": "sha1-DdTJ/6q8NXlgsbckEV1+Doai4fU="
    }
  }
}
